// !$*UTF8*$!
{
	archiveVersion = 1;
	classes = {
	};
	objectVersion = 56;
	objects = {

/* Begin PBXBuildFile section */
		1C6D3BE32AB87C3A00BDDA3A /* Header.swift in Sources */ = {isa = PBXBuildFile; fileRef = 1C6D3BE22AB87C3A00BDDA3A /* Header.swift */; };
		1C90AFFD2ADDA815001A9EF9 /* FButton.swift in Sources */ = {isa = PBXBuildFile; fileRef = 1C90AFFC2ADDA815001A9EF9 /* FButton.swift */; };
		1CAD929B2AB77B650040B12B /* Profile.swift in Sources */ = {isa = PBXBuildFile; fileRef = 1CAD929A2AB77B650040B12B /* Profile.swift */; };
		1CAD929D2AB77BDC0040B12B /* FovoriteListItems.swift in Sources */ = {isa = PBXBuildFile; fileRef = 1CAD929C2AB77BDC0040B12B /* FovoriteListItems.swift */; };
		1CAD929F2AB77BFD0040B12B /* NewItem.swift in Sources */ = {isa = PBXBuildFile; fileRef = 1CAD929E2AB77BFD0040B12B /* NewItem.swift */; };
		1CAD92A22AB77C300040B12B /* Login.swift in Sources */ = {isa = PBXBuildFile; fileRef = 1CAD92A12AB77C300040B12B /* Login.swift */; };
		1CAD92A42AB77CE90040B12B /* Register.swift in Sources */ = {isa = PBXBuildFile; fileRef = 1CAD92A32AB77CE90040B12B /* Register.swift */; };
		1CAD92A62AB77D2E0040B12B /* FavotiteListView.swift in Sources */ = {isa = PBXBuildFile; fileRef = 1CAD92A52AB77D2E0040B12B /* FavotiteListView.swift */; };
		1CAD92A82AB77E580040B12B /* User.swift in Sources */ = {isa = PBXBuildFile; fileRef = 1CAD92A72AB77E580040B12B /* User.swift */; };
		1CAD92AA2AB77E700040B12B /* FavoriteListItem.swift in Sources */ = {isa = PBXBuildFile; fileRef = 1CAD92A92AB77E700040B12B /* FavoriteListItem.swift */; };
		1CAD92AC2AB77F780040B12B /* MainViewModel.swift in Sources */ = {isa = PBXBuildFile; fileRef = 1CAD92AB2AB77F780040B12B /* MainViewModel.swift */; };
		1CAD92AE2AB77F940040B12B /* ProfileViewModel.swift in Sources */ = {isa = PBXBuildFile; fileRef = 1CAD92AD2AB77F940040B12B /* ProfileViewModel.swift */; };
		1CAD92B02AB77FB90040B12B /* FavoriteListViewModel.swift in Sources */ = {isa = PBXBuildFile; fileRef = 1CAD92AF2AB77FB90040B12B /* FavoriteListViewModel.swift */; };
		1CAD92B22AB77FD60040B12B /* NewItemViewModel.swift in Sources */ = {isa = PBXBuildFile; fileRef = 1CAD92B12AB77FD60040B12B /* NewItemViewModel.swift */; };
		1CAD92B42AB77FF60040B12B /* LoginViewModel.swift in Sources */ = {isa = PBXBuildFile; fileRef = 1CAD92B32AB77FF60040B12B /* LoginViewModel.swift */; };
		1CAD92B62AB780100040B12B /* RegisterViewModel.swift in Sources */ = {isa = PBXBuildFile; fileRef = 1CAD92B52AB780100040B12B /* RegisterViewModel.swift */; };
		1CAD92B82AB780570040B12B /* FavoriteListItemViewModel.swift in Sources */ = {isa = PBXBuildFile; fileRef = 1CAD92B72AB780570040B12B /* FavoriteListItemViewModel.swift */; };
		1CE9B2D62AB629A800C7893E /* FavoriteListApp.swift in Sources */ = {isa = PBXBuildFile; fileRef = 1CE9B2D52AB629A800C7893E /* FavoriteListApp.swift */; };
		1CE9B2D82AB629A800C7893E /* MainView.swift in Sources */ = {isa = PBXBuildFile; fileRef = 1CE9B2D72AB629A800C7893E /* MainView.swift */; };
		1CE9B2DA2AB629A900C7893E /* Assets.xcassets in Resources */ = {isa = PBXBuildFile; fileRef = 1CE9B2D92AB629A900C7893E /* Assets.xcassets */; };
		1CE9B2DD2AB629A900C7893E /* Preview Assets.xcassets in Resources */ = {isa = PBXBuildFile; fileRef = 1CE9B2DC2AB629A900C7893E /* Preview Assets.xcassets */; };
		1CE9B2E52AB62A8500C7893E /* FirebaseAuth in Frameworks */ = {isa = PBXBuildFile; productRef = 1CE9B2E42AB62A8500C7893E /* FirebaseAuth */; };
		1CE9B2E72AB62A8500C7893E /* FirebaseFirestore in Frameworks */ = {isa = PBXBuildFile; productRef = 1CE9B2E62AB62A8500C7893E /* FirebaseFirestore */; };
		1CE9B2E92AB62A8500C7893E /* FirebaseFirestoreSwift in Frameworks */ = {isa = PBXBuildFile; productRef = 1CE9B2E82AB62A8500C7893E /* FirebaseFirestoreSwift */; };
		1CE9B2EB2AB62C1300C7893E /* GoogleService-Info.plist in Resources */ = {isa = PBXBuildFile; fileRef = 1CE9B2EA2AB62C1300C7893E /* GoogleService-Info.plist */; };
/* End PBXBuildFile section */

/* Begin PBXFileReference section */
		1C6D3BE22AB87C3A00BDDA3A /* Header.swift */ = {isa = PBXFileReference; lastKnownFileType = sourcecode.swift; path = Header.swift; sourceTree = "<group>"; };
		1C90AFFC2ADDA815001A9EF9 /* FButton.swift */ = {isa = PBXFileReference; lastKnownFileType = sourcecode.swift; path = FButton.swift; sourceTree = "<group>"; };
		1CAD929A2AB77B650040B12B /* Profile.swift */ = {isa = PBXFileReference; lastKnownFileType = sourcecode.swift; path = Profile.swift; sourceTree = "<group>"; };
		1CAD929C2AB77BDC0040B12B /* FovoriteListItems.swift */ = {isa = PBXFileReference; lastKnownFileType = sourcecode.swift; path = FovoriteListItems.swift; sourceTree = "<group>"; };
		1CAD929E2AB77BFD0040B12B /* NewItem.swift */ = {isa = PBXFileReference; lastKnownFileType = sourcecode.swift; path = NewItem.swift; sourceTree = "<group>"; };
		1CAD92A12AB77C300040B12B /* Login.swift */ = {isa = PBXFileReference; lastKnownFileType = sourcecode.swift; path = Login.swift; sourceTree = "<group>"; };
		1CAD92A32AB77CE90040B12B /* Register.swift */ = {isa = PBXFileReference; lastKnownFileType = sourcecode.swift; path = Register.swift; sourceTree = "<group>"; };
		1CAD92A52AB77D2E0040B12B /* FavotiteListView.swift */ = {isa = PBXFileReference; lastKnownFileType = sourcecode.swift; path = FavotiteListView.swift; sourceTree = "<group>"; };
		1CAD92A72AB77E580040B12B /* User.swift */ = {isa = PBXFileReference; lastKnownFileType = sourcecode.swift; path = User.swift; sourceTree = "<group>"; };
		1CAD92A92AB77E700040B12B /* FavoriteListItem.swift */ = {isa = PBXFileReference; lastKnownFileType = sourcecode.swift; path = FavoriteListItem.swift; sourceTree = "<group>"; };
		1CAD92AB2AB77F780040B12B /* MainViewModel.swift */ = {isa = PBXFileReference; lastKnownFileType = sourcecode.swift; path = MainViewModel.swift; sourceTree = "<group>"; };
		1CAD92AD2AB77F940040B12B /* ProfileViewModel.swift */ = {isa = PBXFileReference; lastKnownFileType = sourcecode.swift; path = ProfileViewModel.swift; sourceTree = "<group>"; };
		1CAD92AF2AB77FB90040B12B /* FavoriteListViewModel.swift */ = {isa = PBXFileReference; lastKnownFileType = sourcecode.swift; path = FavoriteListViewModel.swift; sourceTree = "<group>"; };
		1CAD92B12AB77FD60040B12B /* NewItemViewModel.swift */ = {isa = PBXFileReference; lastKnownFileType = sourcecode.swift; path = NewItemViewModel.swift; sourceTree = "<group>"; };
		1CAD92B32AB77FF60040B12B /* LoginViewModel.swift */ = {isa = PBXFileReference; lastKnownFileType = sourcecode.swift; path = LoginViewModel.swift; sourceTree = "<group>"; };
		1CAD92B52AB780100040B12B /* RegisterViewModel.swift */ = {isa = PBXFileReference; lastKnownFileType = sourcecode.swift; path = RegisterViewModel.swift; sourceTree = "<group>"; };
		1CAD92B72AB780570040B12B /* FavoriteListItemViewModel.swift */ = {isa = PBXFileReference; lastKnownFileType = sourcecode.swift; path = FavoriteListItemViewModel.swift; sourceTree = "<group>"; };
		1CE9B2D22AB629A800C7893E /* FavoriteList.app */ = {isa = PBXFileReference; explicitFileType = wrapper.application; includeInIndex = 0; path = FavoriteList.app; sourceTree = BUILT_PRODUCTS_DIR; };
		1CE9B2D52AB629A800C7893E /* FavoriteListApp.swift */ = {isa = PBXFileReference; lastKnownFileType = sourcecode.swift; path = FavoriteListApp.swift; sourceTree = "<group>"; };
		1CE9B2D72AB629A800C7893E /* MainView.swift */ = {isa = PBXFileReference; lastKnownFileType = sourcecode.swift; path = MainView.swift; sourceTree = "<group>"; };
		1CE9B2D92AB629A900C7893E /* Assets.xcassets */ = {isa = PBXFileReference; lastKnownFileType = folder.assetcatalog; path = Assets.xcassets; sourceTree = "<group>"; };
		1CE9B2DC2AB629A900C7893E /* Preview Assets.xcassets */ = {isa = PBXFileReference; lastKnownFileType = folder.assetcatalog; path = "Preview Assets.xcassets"; sourceTree = "<group>"; };
		1CE9B2EA2AB62C1300C7893E /* GoogleService-Info.plist */ = {isa = PBXFileReference; fileEncoding = 4; lastKnownFileType = text.plist.xml; path = "GoogleService-Info.plist"; sourceTree = "<group>"; };
/* End PBXFileReference section */

/* Begin PBXFrameworksBuildPhase section */
		1CE9B2CF2AB629A800C7893E /* Frameworks */ = {
			isa = PBXFrameworksBuildPhase;
			buildActionMask = 2147483647;
			files = (
				1CE9B2E52AB62A8500C7893E /* FirebaseAuth in Frameworks */,
				1CE9B2E72AB62A8500C7893E /* FirebaseFirestore in Frameworks */,
				1CE9B2E92AB62A8500C7893E /* FirebaseFirestoreSwift in Frameworks */,
			);
			runOnlyForDeploymentPostprocessing = 0;
		};
/* End PBXFrameworksBuildPhase section */

/* Begin PBXGroup section */
		1CAD92962AB777FA0040B12B /* Views */ = {
			isa = PBXGroup;
			children = (
				1CAD929A2AB77B650040B12B /* Profile.swift */,
				1CAD92A52AB77D2E0040B12B /* FavotiteListView.swift */,
				1CAD929E2AB77BFD0040B12B /* NewItem.swift */,
				1CAD92A12AB77C300040B12B /* Login.swift */,
				1CAD92A32AB77CE90040B12B /* Register.swift */,
				1CAD929C2AB77BDC0040B12B /* FovoriteListItems.swift */,
				1C6D3BE22AB87C3A00BDDA3A /* Header.swift */,
				1C90AFFC2ADDA815001A9EF9 /* FButton.swift */,
			);
			path = Views;
			sourceTree = "<group>";
		};
		1CAD92972AB7780E0040B12B /* ViewModels */ = {
			isa = PBXGroup;
			children = (
				1CAD92AB2AB77F780040B12B /* MainViewModel.swift */,
				1CAD92AD2AB77F940040B12B /* ProfileViewModel.swift */,
				1CAD92AF2AB77FB90040B12B /* FavoriteListViewModel.swift */,
				1CAD92B12AB77FD60040B12B /* NewItemViewModel.swift */,
				1CAD92B32AB77FF60040B12B /* LoginViewModel.swift */,
				1CAD92B52AB780100040B12B /* RegisterViewModel.swift */,
				1CAD92B72AB780570040B12B /* FavoriteListItemViewModel.swift */,
			);
			path = ViewModels;
			sourceTree = "<group>";
		};
		1CAD92982AB778200040B12B /* Models */ = {
			isa = PBXGroup;
			children = (
				1CAD92A72AB77E580040B12B /* User.swift */,
				1CAD92A92AB77E700040B12B /* FavoriteListItem.swift */,
			);
			path = Models;
			sourceTree = "<group>";
		};
		1CAD92992AB778340040B12B /* Other */ = {
			isa = PBXGroup;
			children = (
				1CE9B2D92AB629A900C7893E /* Assets.xcassets */,
				1CE9B2EA2AB62C1300C7893E /* GoogleService-Info.plist */,
				1CE9B2D52AB629A800C7893E /* FavoriteListApp.swift */,
			);
			path = Other;
			sourceTree = "<group>";
		};
		1CE9B2C92AB629A800C7893E = {
			isa = PBXGroup;
			children = (
				1CE9B2D42AB629A800C7893E /* FavoriteList */,
				1CE9B2D32AB629A800C7893E /* Products */,
			);
			sourceTree = "<group>";
		};
		1CE9B2D32AB629A800C7893E /* Products */ = {
			isa = PBXGroup;
			children = (
				1CE9B2D22AB629A800C7893E /* FavoriteList.app */,
			);
			name = Products;
			sourceTree = "<group>";
		};
		1CE9B2D42AB629A800C7893E /* FavoriteList */ = {
			isa = PBXGroup;
			children = (
				1CAD92992AB778340040B12B /* Other */,
				1CAD92982AB778200040B12B /* Models */,
				1CAD92972AB7780E0040B12B /* ViewModels */,
				1CAD92962AB777FA0040B12B /* Views */,
				1CE9B2D72AB629A800C7893E /* MainView.swift */,
				1CE9B2DB2AB629A900C7893E /* Preview Content */,
			);
			path = FavoriteList;
			sourceTree = "<group>";
		};
		1CE9B2DB2AB629A900C7893E /* Preview Content */ = {
			isa = PBXGroup;
			children = (
				1CE9B2DC2AB629A900C7893E /* Preview Assets.xcassets */,
			);
			path = "Preview Content";
			sourceTree = "<group>";
		};
/* End PBXGroup section */

/* Begin PBXNativeTarget section */
		1CE9B2D12AB629A800C7893E /* FavoriteList */ = {
			isa = PBXNativeTarget;
			buildConfigurationList = 1CE9B2E02AB629A900C7893E /* Build configuration list for PBXNativeTarget "FavoriteList" */;
			buildPhases = (
				1CE9B2CE2AB629A800C7893E /* Sources */,
				1CE9B2CF2AB629A800C7893E /* Frameworks */,
				1CE9B2D02AB629A800C7893E /* Resources */,
			);
			buildRules = (
			);
			dependencies = (
			);
			name = FavoriteList;
			packageProductDependencies = (
				1CE9B2E42AB62A8500C7893E /* FirebaseAuth */,
				1CE9B2E62AB62A8500C7893E /* FirebaseFirestore */,
				1CE9B2E82AB62A8500C7893E /* FirebaseFirestoreSwift */,
			);
			productName = FavoriteList;
			productReference = 1CE9B2D22AB629A800C7893E /* FavoriteList.app */;
			productType = "com.apple.product-type.application";
		};
/* End PBXNativeTarget section */

/* Begin PBXProject section */
		1CE9B2CA2AB629A800C7893E /* Project object */ = {
			isa = PBXProject;
			attributes = {
				BuildIndependentTargetsInParallel = 1;
				LastSwiftUpdateCheck = 1430;
				LastUpgradeCheck = 1430;
				TargetAttributes = {
					1CE9B2D12AB629A800C7893E = {
						CreatedOnToolsVersion = 14.3.1;
					};
				};
			};
			buildConfigurationList = 1CE9B2CD2AB629A800C7893E /* Build configuration list for PBXProject "FavoriteList" */;
			compatibilityVersion = "Xcode 14.0";
			developmentRegion = en;
			hasScannedForEncodings = 0;
			knownRegions = (
				en,
				Base,
			);
			mainGroup = 1CE9B2C92AB629A800C7893E;
			packageReferences = (
				1CE9B2E32AB62A8500C7893E /* XCRemoteSwiftPackageReference "firebase-ios-sdk" */,
			);
			productRefGroup = 1CE9B2D32AB629A800C7893E /* Products */;
			projectDirPath = "";
			projectRoot = "";
			targets = (
				1CE9B2D12AB629A800C7893E /* FavoriteList */,
			);
		};
/* End PBXProject section */

/* Begin PBXResourcesBuildPhase section */
		1CE9B2D02AB629A800C7893E /* Resources */ = {
			isa = PBXResourcesBuildPhase;
			buildActionMask = 2147483647;
			files = (
				1CE9B2DD2AB629A900C7893E /* Preview Assets.xcassets in Resources */,
				1CE9B2DA2AB629A900C7893E /* Assets.xcassets in Resources */,
				1CE9B2EB2AB62C1300C7893E /* GoogleService-Info.plist in Resources */,
			);
			runOnlyForDeploymentPostprocessing = 0;
		};
/* End PBXResourcesBuildPhase section */

/* Begin PBXSourcesBuildPhase section */
		1CE9B2CE2AB629A800C7893E /* Sources */ = {
			isa = PBXSourcesBuildPhase;
			buildActionMask = 2147483647;
			files = (
				1C90AFFD2ADDA815001A9EF9 /* FButton.swift in Sources */,
				1CAD92B02AB77FB90040B12B /* FavoriteListViewModel.swift in Sources */,
				1CE9B2D82AB629A800C7893E /* MainView.swift in Sources */,
				1CAD929F2AB77BFD0040B12B /* NewItem.swift in Sources */,
				1CAD92B62AB780100040B12B /* RegisterViewModel.swift in Sources */,
				1CAD92A62AB77D2E0040B12B /* FavotiteListView.swift in Sources */,
				1CAD929B2AB77B650040B12B /* Profile.swift in Sources */,
				1CAD92AA2AB77E700040B12B /* FavoriteListItem.swift in Sources */,
				1CAD92A22AB77C300040B12B /* Login.swift in Sources */,
				1CAD92AE2AB77F940040B12B /* ProfileViewModel.swift in Sources */,
				1CAD92B42AB77FF60040B12B /* LoginViewModel.swift in Sources */,
				1C6D3BE32AB87C3A00BDDA3A /* Header.swift in Sources */,
				1CAD92B82AB780570040B12B /* FavoriteListItemViewModel.swift in Sources */,
				1CAD92B22AB77FD60040B12B /* NewItemViewModel.swift in Sources */,
				1CAD92A82AB77E580040B12B /* User.swift in Sources */,
				1CAD92A42AB77CE90040B12B /* Register.swift in Sources */,
				1CAD929D2AB77BDC0040B12B /* FovoriteListItems.swift in Sources */,
				1CE9B2D62AB629A800C7893E /* FavoriteListApp.swift in Sources */,
				1CAD92AC2AB77F780040B12B /* MainViewModel.swift in Sources */,
			);
			runOnlyForDeploymentPostprocessing = 0;
		};
/* End PBXSourcesBuildPhase section */

/* Begin XCBuildConfiguration section */
		1CE9B2DE2AB629A900C7893E /* Debug */ = {
			isa = XCBuildConfiguration;
			buildSettings = {
				ALWAYS_SEARCH_USER_PATHS = NO;
				CLANG_ANALYZER_NONNULL = YES;
				CLANG_ANALYZER_NUMBER_OBJECT_CONVERSION = YES_AGGRESSIVE;
				CLANG_CXX_LANGUAGE_STANDARD = "gnu++20";
				CLANG_ENABLE_MODULES = YES;
				CLANG_ENABLE_OBJC_ARC = YES;
				CLANG_ENABLE_OBJC_WEAK = YES;
				CLANG_WARN_BLOCK_CAPTURE_AUTORELEASING = YES;
				CLANG_WARN_BOOL_CONVERSION = YES;
				CLANG_WARN_COMMA = YES;
				CLANG_WARN_CONSTANT_CONVERSION = YES;
				CLANG_WARN_DEPRECATED_OBJC_IMPLEMENTATIONS = YES;
				CLANG_WARN_DIRECT_OBJC_ISA_USAGE = YES_ERROR;
				CLANG_WARN_DOCUMENTATION_COMMENTS = YES;
				CLANG_WARN_EMPTY_BODY = YES;
				CLANG_WARN_ENUM_CONVERSION = YES;
				CLANG_WARN_INFINITE_RECURSION = YES;
				CLANG_WARN_INT_CONVERSION = YES;
				CLANG_WARN_NON_LITERAL_NULL_CONVERSION = YES;
				CLANG_WARN_OBJC_IMPLICIT_RETAIN_SELF = YES;
				CLANG_WARN_OBJC_LITERAL_CONVERSION = YES;
				CLANG_WARN_OBJC_ROOT_CLASS = YES_ERROR;
				CLANG_WARN_QUOTED_INCLUDE_IN_FRAMEWORK_HEADER = YES;
				CLANG_WARN_RANGE_LOOP_ANALYSIS = YES;
				CLANG_WARN_STRICT_PROTOTYPES = YES;
				CLANG_WARN_SUSPICIOUS_MOVE = YES;
				CLANG_WARN_UNGUARDED_AVAILABILITY = YES_AGGRESSIVE;
				CLANG_WARN_UNREACHABLE_CODE = YES;
				CLANG_WARN__DUPLICATE_METHOD_MATCH = YES;
				COPY_PHASE_STRIP = NO;
				DEBUG_INFORMATION_FORMAT = dwarf;
				ENABLE_STRICT_OBJC_MSGSEND = YES;
				ENABLE_TESTABILITY = YES;
				GCC_C_LANGUAGE_STANDARD = gnu11;
				GCC_DYNAMIC_NO_PIC = NO;
				GCC_NO_COMMON_BLOCKS = YES;
				GCC_OPTIMIZATION_LEVEL = 0;
				GCC_PREPROCESSOR_DEFINITIONS = (
					"DEBUG=1",
					"$(inherited)",
				);
				GCC_WARN_64_TO_32_BIT_CONVERSION = YES;
				GCC_WARN_ABOUT_RETURN_TYPE = YES_ERROR;
				GCC_WARN_UNDECLARED_SELECTOR = YES;
				GCC_WARN_UNINITIALIZED_AUTOS = YES_AGGRESSIVE;
				GCC_WARN_UNUSED_FUNCTION = YES;
				GCC_WARN_UNUSED_VARIABLE = YES;
				IPHONEOS_DEPLOYMENT_TARGET = 16.4;
				MTL_ENABLE_DEBUG_INFO = INCLUDE_SOURCE;
				MTL_FAST_MATH = YES;
				ONLY_ACTIVE_ARCH = YES;
				SDKROOT = iphoneos;
				SWIFT_ACTIVE_COMPILATION_CONDITIONS = DEBUG;
				SWIFT_OPTIMIZATION_LEVEL = "-Onone";
			};
			name = Debug;
		};
		1CE9B2DF2AB629A900C7893E /* Release */ = {
			isa = XCBuildConfiguration;
			buildSettings = {
				ALWAYS_SEARCH_USER_PATHS = NO;
				CLANG_ANALYZER_NONNULL = YES;
				CLANG_ANALYZER_NUMBER_OBJECT_CONVERSION = YES_AGGRESSIVE;
				CLANG_CXX_LANGUAGE_STANDARD = "gnu++20";
				CLANG_ENABLE_MODULES = YES;
				CLANG_ENABLE_OBJC_ARC = YES;
				CLANG_ENABLE_OBJC_WEAK = YES;
				CLANG_WARN_BLOCK_CAPTURE_AUTORELEASING = YES;
				CLANG_WARN_BOOL_CONVERSION = YES;
				CLANG_WARN_COMMA = YES;
				CLANG_WARN_CONSTANT_CONVERSION = YES;
				CLANG_WARN_DEPRECATED_OBJC_IMPLEMENTATIONS = YES;
				CLANG_WARN_DIRECT_OBJC_ISA_USAGE = YES_ERROR;
				CLANG_WARN_DOCUMENTATION_COMMENTS = YES;
				CLANG_WARN_EMPTY_BODY = YES;
				CLANG_WARN_ENUM_CONVERSION = YES;
				CLANG_WARN_INFINITE_RECURSION = YES;
				CLANG_WARN_INT_CONVERSION = YES;
				CLANG_WARN_NON_LITERAL_NULL_CONVERSION = YES;
				CLANG_WARN_OBJC_IMPLICIT_RETAIN_SELF = YES;
				CLANG_WARN_OBJC_LITERAL_CONVERSION = YES;
				CLANG_WARN_OBJC_ROOT_CLASS = YES_ERROR;
				CLANG_WARN_QUOTED_INCLUDE_IN_FRAMEWORK_HEADER = YES;
				CLANG_WARN_RANGE_LOOP_ANALYSIS = YES;
				CLANG_WARN_STRICT_PROTOTYPES = YES;
				CLANG_WARN_SUSPICIOUS_MOVE = YES;
				CLANG_WARN_UNGUARDED_AVAILABILITY = YES_AGGRESSIVE;
				CLANG_WARN_UNREACHABLE_CODE = YES;
				CLANG_WARN__DUPLICATE_METHOD_MATCH = YES;
				COPY_PHASE_STRIP = NO;
				DEBUG_INFORMATION_FORMAT = "dwarf-with-dsym";
				ENABLE_NS_ASSERTIONS = NO;
				ENABLE_STRICT_OBJC_MSGSEND = YES;
				GCC_C_LANGUAGE_STANDARD = gnu11;
				GCC_NO_COMMON_BLOCKS = YES;
				GCC_WARN_64_TO_32_BIT_CONVERSION = YES;
				GCC_WARN_ABOUT_RETURN_TYPE = YES_ERROR;
				GCC_WARN_UNDECLARED_SELECTOR = YES;
				GCC_WARN_UNINITIALIZED_AUTOS = YES_AGGRESSIVE;
				GCC_WARN_UNUSED_FUNCTION = YES;
				GCC_WARN_UNUSED_VARIABLE = YES;
				IPHONEOS_DEPLOYMENT_TARGET = 16.4;
				MTL_ENABLE_DEBUG_INFO = NO;
				MTL_FAST_MATH = YES;
				SDKROOT = iphoneos;
				SWIFT_COMPILATION_MODE = wholemodule;
				SWIFT_OPTIMIZATION_LEVEL = "-O";
				VALIDATE_PRODUCT = YES;
			};
			name = Release;
		};
		1CE9B2E12AB629A900C7893E /* Debug */ = {
			isa = XCBuildConfiguration;
			buildSettings = {
				ASSETCATALOG_COMPILER_APPICON_NAME = AppIcon;
				ASSETCATALOG_COMPILER_GLOBAL_ACCENT_COLOR_NAME = AccentColor;
				CODE_SIGN_STYLE = Automatic;
				CURRENT_PROJECT_VERSION = 1;
				DEVELOPMENT_ASSET_PATHS = "\"FavoriteList/Preview Content\"";
				DEVELOPMENT_TEAM = 3X35GW7AA8;
				ENABLE_PREVIEWS = YES;
				GENERATE_INFOPLIST_FILE = YES;
				INFOPLIST_KEY_UIApplicationSceneManifest_Generation = YES;
				INFOPLIST_KEY_UIApplicationSupportsIndirectInputEvents = YES;
				INFOPLIST_KEY_UILaunchScreen_Generation = YES;
				INFOPLIST_KEY_UISupportedInterfaceOrientations = UIInterfaceOrientationPortrait;
				LD_RUNPATH_SEARCH_PATHS = (
					"$(inherited)",
					"@executable_path/Frameworks",
				);
				MARKETING_VERSION = 1.0;
				PRODUCT_BUNDLE_IDENTIFIER = com.ahmetkaradag.FavoriteList;
				PRODUCT_NAME = "$(TARGET_NAME)";
				SWIFT_EMIT_LOC_STRINGS = YES;
				SWIFT_VERSION = 5.0;
				TARGETED_DEVICE_FAMILY = "1,2";
			};
			name = Debug;
		};
		1CE9B2E22AB629A900C7893E /* Release */ = {
			isa = XCBuildConfiguration;
			buildSettings = {
				ASSETCATALOG_COMPILER_APPICON_NAME = AppIcon;
				ASSETCATALOG_COMPILER_GLOBAL_ACCENT_COLOR_NAME = AccentColor;
				CODE_SIGN_STYLE = Automatic;
				CURRENT_PROJECT_VERSION = 1;
				DEVELOPMENT_ASSET_PATHS = "\"FavoriteList/Preview Content\"";
				DEVELOPMENT_TEAM = 3X35GW7AA8;
				ENABLE_PREVIEWS = YES;
				GENERATE_INFOPLIST_FILE = YES;
				INFOPLIST_KEY_UIApplicationSceneManifest_Generation = YES;
				INFOPLIST_KEY_UIApplicationSupportsIndirectInputEvents = YES;
				INFOPLIST_KEY_UILaunchScreen_Generation = YES;
				INFOPLIST_KEY_UISupportedInterfaceOrientations = UIInterfaceOrientationPortrait;
				LD_RUNPATH_SEARCH_PATHS = (
					"$(inherited)",
					"@executable_path/Frameworks",
				);
				MARKETING_VERSION = 1.0;
				PRODUCT_BUNDLE_IDENTIFIER = com.ahmetkaradag.FavoriteList;
				PRODUCT_NAME = "$(TARGET_NAME)";
				SWIFT_EMIT_LOC_STRINGS = YES;
				SWIFT_VERSION = 5.0;
				TARGETED_DEVICE_FAMILY = "1,2";
			};
			name = Release;
		};
/* End XCBuildConfiguration section */

/* Begin XCConfigurationList section */
		1CE9B2CD2AB629A800C7893E /* Build configuration list for PBXProject "FavoriteList" */ = {
			isa = XCConfigurationList;
			buildConfigurations = (
				1CE9B2DE2AB629A900C7893E /* Debug */,
				1CE9B2DF2AB629A900C7893E /* Release */,
			);
			defaultConfigurationIsVisible = 0;
			defaultConfigurationName = Release;
		};
		1CE9B2E02AB629A900C7893E /* Build configuration list for PBXNativeTarget "FavoriteList" */ = {
			isa = XCConfigurationList;
			buildConfigurations = (
				1CE9B2E12AB629A900C7893E /* Debug */,
				1CE9B2E22AB629A900C7893E /* Release */,
			);
			defaultConfigurationIsVisible = 0;
			defaultConfigurationName = Release;
		};
/* End XCConfigurationList section */

/* Begin XCRemoteSwiftPackageReference section */
		1CE9B2E32AB62A8500C7893E /* XCRemoteSwiftPackageReference "firebase-ios-sdk" */ = {
			isa = XCRemoteSwiftPackageReference;
			repositoryURL = "https://github.com/firebase/firebase-ios-sdk.git";
			requirement = {
				kind = upToNextMajorVersion;
				minimumVersion = 10.0.0;
			};
		};
/* End XCRemoteSwiftPackageReference section */

/* Begin XCSwiftPackageProductDependency section */
		1CE9B2E42AB62A8500C7893E /* FirebaseAuth */ = {
			isa = XCSwiftPackageProductDependency;
			package = 1CE9B2E32AB62A8500C7893E /* XCRemoteSwiftPackageReference "firebase-ios-sdk" */;
			productName = FirebaseAuth;
		};
		1CE9B2E62AB62A8500C7893E /* FirebaseFirestore */ = {
			isa = XCSwiftPackageProductDependency;
			package = 1CE9B2E32AB62A8500C7893E /* XCRemoteSwiftPackageReference "firebase-ios-sdk" */;
			productName = FirebaseFirestore;
		};
		1CE9B2E82AB62A8500C7893E /* FirebaseFirestoreSwift */ = {
			isa = XCSwiftPackageProductDependency;
			package = 1CE9B2E32AB62A8500C7893E /* XCRemoteSwiftPackageReference "firebase-ios-sdk" */;
			productName = FirebaseFirestoreSwift;
		};
/* End XCSwiftPackageProductDependency section */
	};
	rootObject = 1CE9B2CA2AB629A800C7893E /* Project object */;
}
